
Microsoft Visual Studio Solution File, Format Version 12.00
# Visual Studio 15
VisualStudioVersion = 15.0.28307.572
MinimumVisualStudioVersion = 10.0.40219.1
Project("{FAE04EC0-301F-11D3-BF4B-00C04F79EFBC}") = "eWallet", "ewallet_v0.1.13\eWallet.csproj", "{1E976A27-9E84-4769-BA3C-C4407A541B05}"
EndProject
Global
	GlobalSection(SolutionConfigurationPlatforms) = preSolution
		Debug|Any CPU = Debug|Any CPU
		Release|Any CPU = Release|Any CPU
	EndGlobalSection
	GlobalSection(ProjectConfigurationPlatforms) = postSolution
		{1E976A27-9E84-4769-BA3C-C4407A541B05}.Debug|Any CPU.ActiveCfg = Debug|Any CPU
		{1E976A27-9E84-4769-BA3C-C4407A541B05}.Debug|Any CPU.Build.0 = Debug|Any CPU
		{1E976A27-9E84-4769-BA3C-C4407A541B05}.Debug|Any CPU.Deploy.0 = Debug|Any CPU
		{1E976A27-9E84-4769-BA3C-C4407A541B05}.Release|Any CPU.ActiveCfg = Release|Any CPU
		{1E976A27-9E84-4769-BA3C-C4407A541B05}.Release|Any CPU.Build.0 = Release|Any CPU
		{1E976A27-9E84-4769-BA3C-C4407A541B05}.Release|Any CPU.Deploy.0 = Release|Any CPU
	EndGlobalSection
	GlobalSection(SolutionProperties) = preSolution
		HideSolutionNode = FALSE
	EndGlobalSection
	GlobalSection(ExtensibilityGlobals) = postSolution
		SolutionGuid = {3B1E6CC5-DB1B-4DB7-AAA0-B7CD2F9F0E88}
	EndGlobalSection
EndGlobal
